
Microsoft Visual Studio Solution File, Format Version 12.00
# Visual Studio Version 17
VisualStudioVersion = 17.3.32825.248
MinimumVisualStudioVersion = 10.0.40219.1
Project("{FAE04EC0-301F-11D3-BF4B-00C04F79EFBC}") = "PetDatabasProjekt", "DatabasProjekt1\PetDatabasProjekt.csproj", "{58C96420-BA47-4DC0-9719-546B67A49B9A}"
EndProject
Global
	GlobalSection(SolutionConfigurationPlatforms) = preSolution
		Debug|Any CPU = Debug|Any CPU
		Release|Any CPU = Release|Any CPU
	EndGlobalSection
	GlobalSection(ProjectConfigurationPlatforms) = postSolution
		{58C96420-BA47-4DC0-9719-546B67A49B9A}.Debug|Any CPU.ActiveCfg = Debug|Any CPU
		{58C96420-BA47-4DC0-9719-546B67A49B9A}.Debug|Any CPU.Build.0 = Debug|Any CPU
		{58C96420-BA47-4DC0-9719-546B67A49B9A}.Release|Any CPU.ActiveCfg = Release|Any CPU
		{58C96420-BA47-4DC0-9719-546B67A49B9A}.Release|Any CPU.Build.0 = Release|Any CPU
	EndGlobalSection
	GlobalSection(SolutionProperties) = preSolution
		HideSolutionNode = FALSE
	EndGlobalSection
	GlobalSection(ExtensibilityGlobals) = postSolution
		SolutionGuid = {5E07ACEC-A894-4147-B07E-97E576C0AAB2}
	EndGlobalSection
EndGlobal
